
Microsoft Visual Studio Solution File, Format Version 12.00
# Visual Studio Version 16
VisualStudioVersion = 16.0.31019.35
MinimumVisualStudioVersion = 10.0.40219.1
Project("{FAE04EC0-301F-11D3-BF4B-00C04F79EFBC}") = "Ejemplo 3", "Ejemplo 3\Ejemplo 3.csproj", "{F572AA15-3C7C-4BC4-8C80-77D216DC77B6}"
EndProject
Global
	GlobalSection(SolutionConfigurationPlatforms) = preSolution
		Debug|Any CPU = Debug|Any CPU
		Release|Any CPU = Release|Any CPU
	EndGlobalSection
	GlobalSection(ProjectConfigurationPlatforms) = postSolution
		{F572AA15-3C7C-4BC4-8C80-77D216DC77B6}.Debug|Any CPU.ActiveCfg = Debug|Any CPU
		{F572AA15-3C7C-4BC4-8C80-77D216DC77B6}.Debug|Any CPU.Build.0 = Debug|Any CPU
		{F572AA15-3C7C-4BC4-8C80-77D216DC77B6}.Release|Any CPU.ActiveCfg = Release|Any CPU
		{F572AA15-3C7C-4BC4-8C80-77D216DC77B6}.Release|Any CPU.Build.0 = Release|Any CPU
	EndGlobalSection
	GlobalSection(SolutionProperties) = preSolution
		HideSolutionNode = FALSE
	EndGlobalSection
	GlobalSection(ExtensibilityGlobals) = postSolution
		SolutionGuid = {597708B5-C2EA-49E0-BECD-5AB00DE6AC6F}
	EndGlobalSection
EndGlobal
