
Microsoft Visual Studio Solution File, Format Version 12.00
# Visual Studio Version 16
VisualStudioVersion = 16.0.31019.35
MinimumVisualStudioVersion = 10.0.40219.1
Project("{FAE04EC0-301F-11D3-BF4B-00C04F79EFBC}") = "Ejercicio 3", "Ejercicio 3\Ejercicio 3.csproj", "{DD8D059C-2DE6-4FB4-AFA6-44BD64D4BF55}"
EndProject
Global
	GlobalSection(SolutionConfigurationPlatforms) = preSolution
		Debug|Any CPU = Debug|Any CPU
		Release|Any CPU = Release|Any CPU
	EndGlobalSection
	GlobalSection(ProjectConfigurationPlatforms) = postSolution
		{DD8D059C-2DE6-4FB4-AFA6-44BD64D4BF55}.Debug|Any CPU.ActiveCfg = Debug|Any CPU
		{DD8D059C-2DE6-4FB4-AFA6-44BD64D4BF55}.Debug|Any CPU.Build.0 = Debug|Any CPU
		{DD8D059C-2DE6-4FB4-AFA6-44BD64D4BF55}.Release|Any CPU.ActiveCfg = Release|Any CPU
		{DD8D059C-2DE6-4FB4-AFA6-44BD64D4BF55}.Release|Any CPU.Build.0 = Release|Any CPU
	EndGlobalSection
	GlobalSection(SolutionProperties) = preSolution
		HideSolutionNode = FALSE
	EndGlobalSection
	GlobalSection(ExtensibilityGlobals) = postSolution
		SolutionGuid = {48FDF28B-996B-4A14-932A-8E51DB0F2ABF}
	EndGlobalSection
EndGlobal
