
Microsoft Visual Studio Solution File, Format Version 12.00
# Visual Studio Version 16
VisualStudioVersion = 16.0.31019.35
MinimumVisualStudioVersion = 10.0.40219.1
Project("{FAE04EC0-301F-11D3-BF4B-00C04F79EFBC}") = "Ejercicio 2", "Ejercicio 2\Ejercicio 2.csproj", "{49ACDA8E-5276-4F8E-89D5-C9956D98C84F}"
EndProject
Global
	GlobalSection(SolutionConfigurationPlatforms) = preSolution
		Debug|Any CPU = Debug|Any CPU
		Release|Any CPU = Release|Any CPU
	EndGlobalSection
	GlobalSection(ProjectConfigurationPlatforms) = postSolution
		{49ACDA8E-5276-4F8E-89D5-C9956D98C84F}.Debug|Any CPU.ActiveCfg = Debug|Any CPU
		{49ACDA8E-5276-4F8E-89D5-C9956D98C84F}.Debug|Any CPU.Build.0 = Debug|Any CPU
		{49ACDA8E-5276-4F8E-89D5-C9956D98C84F}.Release|Any CPU.ActiveCfg = Release|Any CPU
		{49ACDA8E-5276-4F8E-89D5-C9956D98C84F}.Release|Any CPU.Build.0 = Release|Any CPU
	EndGlobalSection
	GlobalSection(SolutionProperties) = preSolution
		HideSolutionNode = FALSE
	EndGlobalSection
	GlobalSection(ExtensibilityGlobals) = postSolution
		SolutionGuid = {674292B1-AD2A-4795-9E50-3DCCFF8B2D95}
	EndGlobalSection
EndGlobal
